# This file is autogenerated, do not edit; changes may be undone by the next 'dep ensure'.


[[projects]]
  name = "github.com/ajg/form"
  packages = ["."]
  revision = "cc2954064ec9ea8d93917f0f87456e11d7b881ad"
  version = "v1.5"

[[projects]]
  name = "github.com/cenk/backoff"
  packages = ["."]
  revision = "2ea60e5f094469f9e65adb9cd103795b73ae743e"
  version = "v2.0.0"

[[projects]]
  name = "github.com/fatih/color"
  packages = ["."]
  revision = "507f6050b8568533fb3f5504de8e5205fa62a114"
  version = "v1.6.0"

[[projects]]
  name = "github.com/garyburd/redigo"
  packages = [
    "internal",
    "redis"
  ]
  revision = "a69d19351219b6dd56f274f96d85a7014a2ec34e"
  version = "v1.6.0"

[[projects]]
  name = "github.com/gorilla/context"
  packages = ["."]
  revision = "1ea25387ff6f684839d82767c1733ff4d4d15d0a"
  version = "v1.1"

[[projects]]
  name = "github.com/gorilla/mux"
  packages = ["."]
  revision = "53c1911da2b537f792e7cafcb446b05ffe33b996"
  version = "v1.6.1"

[[projects]]
  branch = "master"
  name = "github.com/hjr265/redsync.go"
  packages = ["redsync"]
  revision = "688f6d364b799fa311a6de70b2bb9a4a669221da"

[[projects]]
  name = "github.com/mattn/go-colorable"
  packages = ["."]
  revision = "167de6bfdfba052fa6b2d3664c8f5272e23c9072"
  version = "v0.0.9"

[[projects]]
  name = "github.com/mattn/go-isatty"
  packages = ["."]
  revision = "0360b2af4f38e8d38c7fce2a9f4e702702d73a39"
  version = "v0.0.3"

[[projects]]
  branch = "master"
  name = "github.com/meshhq/funnel"
  packages = ["."]
  revision = "32a3ad66a7ab4858fa81384aacd3d76aae6174b1"

[[projects]]
  branch = "master"
  name = "github.com/meshhq/meshLog"
  packages = ["."]
  revision = "69c3abb02af1107017921d61d55550674893e5c2"

[[projects]]
  branch = "master"
  name = "github.com/meshhq/meshRedis"
  packages = ["."]
  revision = "9c0ff2d39ed4fe74f1d227ee4231cec7fd89b38f"

[[projects]]
  branch = "master"
  name = "golang.org/x/net"
  packages = ["context"]
  revision = "5f9ae10d9af5b1c89ae6904293b14b064d4ada23"

[[projects]]
  branch = "master"
  name = "golang.org/x/sys"
  packages = ["unix"]
  revision = "bb9c189858d91f42db229b04d45a4c3d23a7662a"

[[projects]]
  branch = "v1"
  name = "gopkg.in/check.v1"
  packages = ["."]
  revision = "20d25e2804050c1cd24a7eea1e7a6447dd0e74ec"

[solve-meta]
  analyzer-name = "dep"
  analyzer-version = 1
  inputs-digest = "ef2e7585768a5018194c37cf2b21bcb74f30b37d13ee5d25e0cd34de6aee49eb"
  solver-name = "gps-cdcl"
  solver-version = 1
